{
  "name": "claude-session-limit-breaker",
  "version": "1.0.0",
  "lockfileVersion": 3,
  "requires": true,
  "packages": {
    "": {
      "name": "claude-session-limit-breaker",
      "version": "1.0.0",
      "license": "WTFPL",
      "dependencies": {
        "dotenv": "^17.4.2",
        "i18next": "^26.3.6",
        "json5": "^2.2.3",
        "minimal-discord-webhook-node": "^1.0.1",
        "node-cron": "^4.6.0",
        "purus": "^1.1.0",
        "yaml": "^2.9.0"
      },
      "devDependencies": {
        "@puruslang/linter": "^1.0.1",
        "@puruslang/prettier-plugin-purus": "^1.0.1"
      },
      "engines": {
        "node": ">=22"
      }
    },
    "node_modules/@puruslang/linter": {
      "version": "1.0.1",
      "resolved": "https://registry.npmjs.org/@puruslang/linter/-/linter-1.0.1.tgz",
      "integrity": "sha512-jATlbTyEurZ6yZy/HZuK5uxl7kK3E9TZu7bU+ZzfY1kZRoWhim64lozJXaAbU/ZIkF6ZzguZBb86+dAB7mN9+g==",
      "dev": true,
      "license": "Apache-2.0",
      "bin": {
        "purus-lint": "src/cli.js"
      },
      "engines": {
        "node": ">=22"
      },
      "funding": {
        "url": "https://github.com/sponsors/otnc"
      }
    },
    "node_modules/@puruslang/prettier-plugin-purus": {
      "version": "1.0.1",
      "resolved": "https://registry.npmjs.org/@puruslang/prettier-plugin-purus/-/prettier-plugin-purus-1.0.1.tgz",
      "integrity": "sha512-BmC/aH3zT2DC1SUic0WtYVpaPg5AEF0kJYlFSHIvnG960Q1tvYxL6QCYMf16wJzGjg9vERHEiq+Q2jkaKFNUqw==",
      "dev": true,
      "license": "Apache-2.0",
      "engines": {
        "node": ">=22"
      },
      "funding": {
        "url": "https://github.com/sponsors/otnc"
      },
      "peerDependencies": {
        "prettier": "^3.0.0"
      }
    },
    "node_modules/dotenv": {
      "version": "17.4.2",
      "resolved": "https://registry.npmjs.org/dotenv/-/dotenv-17.4.2.tgz",
      "integrity": "sha512-nI4U3TottKAcAD9LLud4Cb7b2QztQMUEfHbvhTH09bqXTxnSie8WnjPALV/WMCrJZ6UV/qHJ6L03OqO3LcdYZw==",
      "license": "BSD-2-Clause",
      "engines": {
        "node": ">=12"
      },
      "funding": {
        "url": "https://dotenvx.com"
      }
    },
    "node_modules/i18next": {
      "version": "26.3.6",
      "resolved": "https://registry.npmjs.org/i18next/-/i18next-26.3.6.tgz",
      "integrity": "sha512-Bu5Z2nAXgfVyM8xvW3jk9EKRIuX37PudsrBViThNFx7CR7aaYTpP01cxNB/E4c4UUzTDiAZRstEhsRfPOL/8xA==",
      "funding": [
        {
          "type": "individual",
          "url": "https://www.locize.com/i18next"
        },
        {
          "type": "individual",
          "url": "https://www.i18next.com/how-to/faq#i18next-is-awesome.-how-can-i-support-the-project"
        },
        {
          "type": "individual",
          "url": "https://www.locize.com"
        }
      ],
      "license": "MIT",
      "peerDependencies": {
        "typescript": "^5 || ^6 || ^7"
      },
      "peerDependenciesMeta": {
        "typescript": {
          "optional": true
        }
      }
    },
    "node_modules/json5": {
      "version": "2.2.3",
      "resolved": "https://registry.npmjs.org/json5/-/json5-2.2.3.tgz",
      "integrity": "sha512-XmOWe7eyHYH14cLdVPoyg+GOH3rYX++KpzrylJwSW98t3Nk+U8XOl8FWKOgwtzdb8lXGf6zYwDUzeHMWfxasyg==",
      "license": "MIT",
      "bin": {
        "json5": "lib/cli.js"
      },
      "engines": {
        "node": ">=6"
      }
    },
    "node_modules/minimal-discord-webhook-node": {
      "version": "1.0.1",
      "resolved": "https://registry.npmjs.org/minimal-discord-webhook-node/-/minimal-discord-webhook-node-1.0.1.tgz",
      "integrity": "sha512-sizvEp4Z0OyLPOfB/1l/6NgDd5BG/v9xDwyIALgOH9gpe2ANstMCqMywf/yvn9QwdV4Kz5U/Il8+fS4n+tCGRw==",
      "license": "MIT",
      "engines": {
        "node": ">=18.0.0"
      }
    },
    "node_modules/node-cron": {
      "version": "4.6.0",
      "resolved": "https://registry.npmjs.org/node-cron/-/node-cron-4.6.0.tgz",
      "integrity": "sha512-Si/bzYiKRHOB8/a99T2+SDGN582ONDMSTlJr5oCkT6GtnqPjZ2s10eoQRYkW9ZHwjVxONL+W8Fb+qR0AHMQsdg==",
      "license": "ISC",
      "engines": {
        "node": ">=20"
      }
    },
    "node_modules/prettier": {
      "version": "3.9.6",
      "resolved": "https://registry.npmjs.org/prettier/-/prettier-3.9.6.tgz",
      "integrity": "sha512-OpN0zzVdiaiAhxpuuj5efpIS4sY9j7bY6uR5mnj5yPzGkdkjNKSJeUThPb60Jw29QuAZgA4o+/iB49kFiaBX6g==",
      "dev": true,
      "license": "MIT",
      "peer": true,
      "bin": {
        "prettier": "bin/prettier.cjs"
      },
      "engines": {
        "node": ">=14"
      },
      "funding": {
        "url": "https://github.com/prettier/prettier?sponsor=1"
      }
    },
    "node_modules/purus": {
      "version": "1.1.0",
      "resolved": "https://registry.npmjs.org/purus/-/purus-1.1.0.tgz",
      "integrity": "sha512-HAatPf+VxeaQsMzY0+0dLZVrsjAhJCV53llfi+HETOG5snmWXN4kj27ddAOAJuc1os0jbl7jYjStzRKfaDMMpg==",
      "license": "Apache-2.0",
      "bin": {
        "purus": "bin/purus.js"
      },
      "engines": {
        "node": ">=22"
      },
      "funding": {
        "url": "https://github.com/sponsors/otnc"
      }
    },
    "node_modules/yaml": {
      "version": "2.9.0",
      "resolved": "https://registry.npmjs.org/yaml/-/yaml-2.9.0.tgz",
      "integrity": "sha512-2AvhNX3mb8zd6Zy7INTtSpl1F15HW6Wnqj0srWlkKLcpYl/gMIMJiyuGq2KeI2YFxUPjdlB+3Lc10seMLtL4cA==",
      "license": "ISC",
      "bin": {
        "yaml": "bin.mjs"
      },
      "engines": {
        "node": ">= 14.6"
      },
      "funding": {
        "url": "https://github.com/sponsors/eemeli"
      }
    }
  }
}
